
Microsoft Visual Studio Solution File, Format Version 12.00
# Visual Studio Version 16
VisualStudioVersion = 16.0.31515.178
MinimumVisualStudioVersion = 10.0.40219.1
Project("{FAE04EC0-301F-11D3-BF4B-00C04F79EFBC}") = "DesignMaster", "DesignMaster\DesignMaster.csproj", "{7C15195B-7EE2-4031-9E44-8CA36415A241}"
EndProject
Global
	GlobalSection(SolutionConfigurationPlatforms) = preSolution
		Debug|Any CPU = Debug|Any CPU
		Release|Any CPU = Release|Any CPU
	EndGlobalSection
	GlobalSection(ProjectConfigurationPlatforms) = postSolution
		{7C15195B-7EE2-4031-9E44-8CA36415A241}.Debug|Any CPU.ActiveCfg = Debug|Any CPU
		{7C15195B-7EE2-4031-9E44-8CA36415A241}.Debug|Any CPU.Build.0 = Debug|Any CPU
		{7C15195B-7EE2-4031-9E44-8CA36415A241}.Release|Any CPU.ActiveCfg = Release|Any CPU
		{7C15195B-7EE2-4031-9E44-8CA36415A241}.Release|Any CPU.Build.0 = Release|Any CPU
	EndGlobalSection
	GlobalSection(SolutionProperties) = preSolution
		HideSolutionNode = FALSE
	EndGlobalSection
	GlobalSection(ExtensibilityGlobals) = postSolution
		SolutionGuid = {B9526DF2-E16B-4DB0-93E7-B45F1CD3FCF5}
	EndGlobalSection
EndGlobal
